schema_version: shirube-control-handoff/rapid-lite/v1
mode: rapid-lite
profile: hotel-lite
control_handoff_id: CH-RAPID-LITE-OUTSIDE-PATH-001
matrix_ref: .shirube/gate-contracts/shirube-v3-rapid-lite-gate-contract-matrix.yaml
framework_ref: shirube-v3-rapid-lite@0123456789abcdef0123456789abcdef01234567
repo_spec_ref: .shirube/repo-spec.yaml
owner_confirmation_ref: https://github.com/watchout/ai-dev-framework/issues/470#issuecomment-rps-confirmed
repo: watchout/ai-dev-framework
repo_local_issue: https://github.com/watchout/ai-dev-framework/issues/470
pr_head_sha: "0123456789abcdef0123456789abcdef01234567"
owner:
  role: repo_owner
  actor: watchout
next_role: implementation
spec_review_state: ready_for_implementation
rps_scope:
  shirube_owns: [Rapid/Lite local report-only gate contract checks]
  shirube_does_not_own: [workflows, required checks, AUN runtime]
acceptance_criteria: [changed file outside allowed paths is blocked]
validation:
  required_commands: [git diff --check]
  test_expectations: [path boundary is checked]
  required_evidence: [PR_head_SHA, changed_files, validation_commands, validation_results, owner_decision]
owner_decision:
  required_before_merge: true
  exact_head_sha: "0123456789abcdef0123456789abcdef01234567"
  decision_ref: https://github.com/watchout/ai-dev-framework/issues/470#issuecomment-outside-path
cell:
  CELL-ID: CELL-ADF-V3-RAPID-LITE-GATE-CHECK-OUTSIDE
  cell_type: docs_only
  risk_class: R2
  goal: Verify outside allowed paths block.
  non_scope: [workflows, required checks, AUN runtime]
  allowed_paths: [docs/**]
  forbidden_paths: [.github/workflows/**, package.json, package-lock.json]
  stop_conditions: [changed file outside allowed_paths]
legacy_source_boundary:
  legacy_sources_are_truth: false
