schema_version: shirube-enforcement-policy/v1
policy_id: ENFORCEMENT-POLICY-REQUIRED-CHECK-NO-APPROVAL-001
repo: watchout/ai-dev-framework
mode: required_check
profile: hotel-lite
framework_ref: shirube-v3-rapid-lite@754dd12f014cbce0ee3d6247863589df0265abb3
updated_at: 2026-06-23T00:00:00Z
owner:
  role: repo_owner
  actor: watchout
calibration:
  started_at: 2026-06-23T00:00:00Z
  minimum_prs: 3
  false_positive_review_required: true
promotion:
  from: ci_hard_block
  to: required_check
  required_evidence:
    - owner_required_check_approval
hard_block_subset:
  - gate_contract_blocked
